// !$*UTF8*$!
{
	archiveVersion = 1;
	classes = {
	};
	objectVersion = 56;
	objects = {

/* Begin PBXBuildFile section */
		A531AE912B615005006DABBE /* ZwiggyApp.swift in Sources */ = {isa = PBXBuildFile; fileRef = A531AE902B615005006DABBE /* ZwiggyApp.swift */; };
		A531AE932B615005006DABBE /* ContentView.swift in Sources */ = {isa = PBXBuildFile; fileRef = A531AE922B615005006DABBE /* ContentView.swift */; };
		A531AE972B615006006DABBE /* Assets.xcassets in Resources */ = {isa = PBXBuildFile; fileRef = A531AE962B615006006DABBE /* Assets.xcassets */; };
		A531AE9A2B615006006DABBE /* Preview Assets.xcassets in Resources */ = {isa = PBXBuildFile; fileRef = A531AE992B615006006DABBE /* Preview Assets.xcassets */; };
		A531AEA22B6183C1006DABBE /* InstamartView.swift in Sources */ = {isa = PBXBuildFile; fileRef = A531AEA12B6183C1006DABBE /* InstamartView.swift */; };
		A531AEA52B61886A006DABBE /* SubtitleModifier.swift in Sources */ = {isa = PBXBuildFile; fileRef = A531AEA42B61886A006DABBE /* SubtitleModifier.swift */; };
		A531AEA82B629A94006DABBE /* Header.swift in Sources */ = {isa = PBXBuildFile; fileRef = A531AEA72B629A94006DABBE /* Header.swift */; };
		A531AEAB2B629B0C006DABBE /* InstamartViewModel.swift in Sources */ = {isa = PBXBuildFile; fileRef = A531AEAA2B629B0C006DABBE /* InstamartViewModel.swift */; };
		A531AEAE2B629E47006DABBE /* CardModifier.swift in Sources */ = {isa = PBXBuildFile; fileRef = A531AEAD2B629E47006DABBE /* CardModifier.swift */; };
		A531AEB02B62D633006DABBE /* AdsCategoriesView.swift in Sources */ = {isa = PBXBuildFile; fileRef = A531AEAF2B62D633006DABBE /* AdsCategoriesView.swift */; };
		A531AEB32B62DBC0006DABBE /* View+Extension.swift in Sources */ = {isa = PBXBuildFile; fileRef = A531AEB22B62DBC0006DABBE /* View+Extension.swift */; };
		A531AEB52B63C0FE006DABBE /* Color+Extension.swift in Sources */ = {isa = PBXBuildFile; fileRef = A531AEB42B63C0FE006DABBE /* Color+Extension.swift */; };
		A531AEB72B63D5EC006DABBE /* QuickPickView.swift in Sources */ = {isa = PBXBuildFile; fileRef = A531AEB62B63D5EC006DABBE /* QuickPickView.swift */; };
		A531AEB92B63D617006DABBE /* ItemView.swift in Sources */ = {isa = PBXBuildFile; fileRef = A531AEB82B63D617006DABBE /* ItemView.swift */; };
		A531AEBB2B63D717006DABBE /* CategoryViewItem.swift in Sources */ = {isa = PBXBuildFile; fileRef = A531AEBA2B63D717006DABBE /* CategoryViewItem.swift */; };
		A531AEBD2B63DC71006DABBE /* CategoriesView.swift in Sources */ = {isa = PBXBuildFile; fileRef = A531AEBC2B63DC71006DABBE /* CategoriesView.swift */; };
		A531AEBF2B63E0FC006DABBE /* GoogleService-Info.plist in Resources */ = {isa = PBXBuildFile; fileRef = A531AEBE2B63E0FC006DABBE /* GoogleService-Info.plist */; };
		A531AEF82B6404F1006DABBE /* AppDelegate.swift in Sources */ = {isa = PBXBuildFile; fileRef = A531AEF72B6404F1006DABBE /* AppDelegate.swift */; };
		A531AF312B641035006DABBE /* Item.swift in Sources */ = {isa = PBXBuildFile; fileRef = A531AF302B641035006DABBE /* Item.swift */; };
		A531AF342B643163006DABBE /* items.json in Resources */ = {isa = PBXBuildFile; fileRef = A531AF332B643163006DABBE /* items.json */; };
		A531AF372B64350B006DABBE /* categories.json in Resources */ = {isa = PBXBuildFile; fileRef = A531AF362B64350B006DABBE /* categories.json */; };
		A531AF3A2B643676006DABBE /* Zutil.swift in Sources */ = {isa = PBXBuildFile; fileRef = A531AF392B643676006DABBE /* Zutil.swift */; };
		A531AF3C2B64384C006DABBE /* CategoryItem.swift in Sources */ = {isa = PBXBuildFile; fileRef = A531AF3B2B64384C006DABBE /* CategoryItem.swift */; };
		A531AF3F2B64C9E0006DABBE /* Optional+Extension.swift in Sources */ = {isa = PBXBuildFile; fileRef = A531AF3E2B64C9E0006DABBE /* Optional+Extension.swift */; };
		A531AF422B64DC71006DABBE /* CategoryDetailView.swift in Sources */ = {isa = PBXBuildFile; fileRef = A531AF412B64DC71006DABBE /* CategoryDetailView.swift */; };
		A531AF452B6824D9006DABBE /* CartBottomStickyView.swift in Sources */ = {isa = PBXBuildFile; fileRef = A531AF442B6824D9006DABBE /* CartBottomStickyView.swift */; };
		A531AF472B6AA5DB006DABBE /* SafeAreaInsetValues.swift in Sources */ = {isa = PBXBuildFile; fileRef = A531AF462B6AA5DB006DABBE /* SafeAreaInsetValues.swift */; };
		A54178582B6AC04900DBFA78 /* SelectedItem.swift in Sources */ = {isa = PBXBuildFile; fileRef = A54178572B6AC04900DBFA78 /* SelectedItem.swift */; };
		A541785A2B6BE90100DBFA78 /* Numeric.swift in Sources */ = {isa = PBXBuildFile; fileRef = A54178592B6BE90100DBFA78 /* Numeric.swift */; };
		A541785C2B6BE96100DBFA78 /* Currency.swift in Sources */ = {isa = PBXBuildFile; fileRef = A541785B2B6BE96100DBFA78 /* Currency.swift */; };
		A541785E2B6BEAC600DBFA78 /* CartView.swift in Sources */ = {isa = PBXBuildFile; fileRef = A541785D2B6BEAC600DBFA78 /* CartView.swift */; };
		A5DB6EB52B6CD31400F1EFA6 /* NavHeaderView.swift in Sources */ = {isa = PBXBuildFile; fileRef = A5DB6EB42B6CD31400F1EFA6 /* NavHeaderView.swift */; };
		A5DB6EB82B6CD53000F1EFA6 /* CartItemView.swift in Sources */ = {isa = PBXBuildFile; fileRef = A5DB6EB72B6CD53000F1EFA6 /* CartItemView.swift */; };
		A5DB6EBA2B6CD90A00F1EFA6 /* AddItemButtonView.swift in Sources */ = {isa = PBXBuildFile; fileRef = A5DB6EB92B6CD90A00F1EFA6 /* AddItemButtonView.swift */; };
		A5FFEE092B7256E000FF566C /* Screen.swift in Sources */ = {isa = PBXBuildFile; fileRef = A5FFEE082B7256E000FF566C /* Screen.swift */; };
		C0073796836BDE7200D62BF9 /* Pods_Zwiggy.framework in Frameworks */ = {isa = PBXBuildFile; fileRef = BF2A3C6088385A28854B85A1 /* Pods_Zwiggy.framework */; };
/* End PBXBuildFile section */

/* Begin PBXFileReference section */
		1B4429F5031E2B7F9D5AFC3E /* Pods-Zwiggy.debug.xcconfig */ = {isa = PBXFileReference; includeInIndex = 1; lastKnownFileType = text.xcconfig; name = "Pods-Zwiggy.debug.xcconfig"; path = "Target Support Files/Pods-Zwiggy/Pods-Zwiggy.debug.xcconfig"; sourceTree = "<group>"; };
		A531AE8D2B615005006DABBE /* Zwiggy.app */ = {isa = PBXFileReference; explicitFileType = wrapper.application; includeInIndex = 0; path = Zwiggy.app; sourceTree = BUILT_PRODUCTS_DIR; };
		A531AE902B615005006DABBE /* ZwiggyApp.swift */ = {isa = PBXFileReference; lastKnownFileType = sourcecode.swift; path = ZwiggyApp.swift; sourceTree = "<group>"; };
		A531AE922B615005006DABBE /* ContentView.swift */ = {isa = PBXFileReference; lastKnownFileType = sourcecode.swift; path = ContentView.swift; sourceTree = "<group>"; };
		A531AE962B615006006DABBE /* Assets.xcassets */ = {isa = PBXFileReference; lastKnownFileType = folder.assetcatalog; path = Assets.xcassets; sourceTree = "<group>"; };
		A531AE992B615006006DABBE /* Preview Assets.xcassets */ = {isa = PBXFileReference; lastKnownFileType = folder.assetcatalog; path = "Preview Assets.xcassets"; sourceTree = "<group>"; };
		A531AEA12B6183C1006DABBE /* InstamartView.swift */ = {isa = PBXFileReference; lastKnownFileType = sourcecode.swift; path = InstamartView.swift; sourceTree = "<group>"; };
		A531AEA42B61886A006DABBE /* SubtitleModifier.swift */ = {isa = PBXFileReference; lastKnownFileType = sourcecode.swift; path = SubtitleModifier.swift; sourceTree = "<group>"; };
		A531AEA72B629A94006DABBE /* Header.swift */ = {isa = PBXFileReference; lastKnownFileType = sourcecode.swift; path = Header.swift; sourceTree = "<group>"; };
		A531AEAA2B629B0C006DABBE /* InstamartViewModel.swift */ = {isa = PBXFileReference; lastKnownFileType = sourcecode.swift; path = InstamartViewModel.swift; sourceTree = "<group>"; };
		A531AEAD2B629E47006DABBE /* CardModifier.swift */ = {isa = PBXFileReference; lastKnownFileType = sourcecode.swift; path = CardModifier.swift; sourceTree = "<group>"; };
		A531AEAF2B62D633006DABBE /* AdsCategoriesView.swift */ = {isa = PBXFileReference; lastKnownFileType = sourcecode.swift; path = AdsCategoriesView.swift; sourceTree = "<group>"; };
		A531AEB22B62DBC0006DABBE /* View+Extension.swift */ = {isa = PBXFileReference; lastKnownFileType = sourcecode.swift; path = "View+Extension.swift"; sourceTree = "<group>"; };
		A531AEB42B63C0FE006DABBE /* Color+Extension.swift */ = {isa = PBXFileReference; lastKnownFileType = sourcecode.swift; path = "Color+Extension.swift"; sourceTree = "<group>"; };
		A531AEB62B63D5EC006DABBE /* QuickPickView.swift */ = {isa = PBXFileReference; lastKnownFileType = sourcecode.swift; path = QuickPickView.swift; sourceTree = "<group>"; };
		A531AEB82B63D617006DABBE /* ItemView.swift */ = {isa = PBXFileReference; lastKnownFileType = sourcecode.swift; path = ItemView.swift; sourceTree = "<group>"; };
		A531AEBA2B63D717006DABBE /* CategoryViewItem.swift */ = {isa = PBXFileReference; lastKnownFileType = sourcecode.swift; path = CategoryViewItem.swift; sourceTree = "<group>"; };
		A531AEBC2B63DC71006DABBE /* CategoriesView.swift */ = {isa = PBXFileReference; lastKnownFileType = sourcecode.swift; path = CategoriesView.swift; sourceTree = "<group>"; };
		A531AEBE2B63E0FC006DABBE /* GoogleService-Info.plist */ = {isa = PBXFileReference; fileEncoding = 4; lastKnownFileType = text.plist.xml; path = "GoogleService-Info.plist"; sourceTree = "<group>"; };
		A531AEF72B6404F1006DABBE /* AppDelegate.swift */ = {isa = PBXFileReference; lastKnownFileType = sourcecode.swift; path = AppDelegate.swift; sourceTree = "<group>"; };
		A531AF302B641035006DABBE /* Item.swift */ = {isa = PBXFileReference; lastKnownFileType = sourcecode.swift; path = Item.swift; sourceTree = "<group>"; };
		A531AF332B643163006DABBE /* items.json */ = {isa = PBXFileReference; lastKnownFileType = text.json; path = items.json; sourceTree = "<group>"; };
		A531AF362B64350B006DABBE /* categories.json */ = {isa = PBXFileReference; lastKnownFileType = text.json; path = categories.json; sourceTree = "<group>"; };
		A531AF392B643676006DABBE /* Zutil.swift */ = {isa = PBXFileReference; lastKnownFileType = sourcecode.swift; path = Zutil.swift; sourceTree = "<group>"; };
		A531AF3B2B64384C006DABBE /* CategoryItem.swift */ = {isa = PBXFileReference; lastKnownFileType = sourcecode.swift; path = CategoryItem.swift; sourceTree = "<group>"; };
		A531AF3E2B64C9E0006DABBE /* Optional+Extension.swift */ = {isa = PBXFileReference; lastKnownFileType = sourcecode.swift; path = "Optional+Extension.swift"; sourceTree = "<group>"; };
		A531AF412B64DC71006DABBE /* CategoryDetailView.swift */ = {isa = PBXFileReference; lastKnownFileType = sourcecode.swift; path = CategoryDetailView.swift; sourceTree = "<group>"; };
		A531AF442B6824D9006DABBE /* CartBottomStickyView.swift */ = {isa = PBXFileReference; lastKnownFileType = sourcecode.swift; path = CartBottomStickyView.swift; sourceTree = "<group>"; };
		A531AF462B6AA5DB006DABBE /* SafeAreaInsetValues.swift */ = {isa = PBXFileReference; lastKnownFileType = sourcecode.swift; path = SafeAreaInsetValues.swift; sourceTree = "<group>"; };
		A54178572B6AC04900DBFA78 /* SelectedItem.swift */ = {isa = PBXFileReference; lastKnownFileType = sourcecode.swift; path = SelectedItem.swift; sourceTree = "<group>"; };
		A54178592B6BE90100DBFA78 /* Numeric.swift */ = {isa = PBXFileReference; lastKnownFileType = sourcecode.swift; path = Numeric.swift; sourceTree = "<group>"; };
		A541785B2B6BE96100DBFA78 /* Currency.swift */ = {isa = PBXFileReference; lastKnownFileType = sourcecode.swift; path = Currency.swift; sourceTree = "<group>"; };
		A541785D2B6BEAC600DBFA78 /* CartView.swift */ = {isa = PBXFileReference; lastKnownFileType = sourcecode.swift; path = CartView.swift; sourceTree = "<group>"; };
		A5DB6EB42B6CD31400F1EFA6 /* NavHeaderView.swift */ = {isa = PBXFileReference; lastKnownFileType = sourcecode.swift; path = NavHeaderView.swift; sourceTree = "<group>"; };
		A5DB6EB72B6CD53000F1EFA6 /* CartItemView.swift */ = {isa = PBXFileReference; lastKnownFileType = sourcecode.swift; path = CartItemView.swift; sourceTree = "<group>"; };
		A5DB6EB92B6CD90A00F1EFA6 /* AddItemButtonView.swift */ = {isa = PBXFileReference; lastKnownFileType = sourcecode.swift; path = AddItemButtonView.swift; sourceTree = "<group>"; };
		A5FFEE082B7256E000FF566C /* Screen.swift */ = {isa = PBXFileReference; lastKnownFileType = sourcecode.swift; path = Screen.swift; sourceTree = "<group>"; };
		A8DD29BF9A54C47AF09A7800 /* Pods-Zwiggy.release.xcconfig */ = {isa = PBXFileReference; includeInIndex = 1; lastKnownFileType = text.xcconfig; name = "Pods-Zwiggy.release.xcconfig"; path = "Target Support Files/Pods-Zwiggy/Pods-Zwiggy.release.xcconfig"; sourceTree = "<group>"; };
		BF2A3C6088385A28854B85A1 /* Pods_Zwiggy.framework */ = {isa = PBXFileReference; explicitFileType = wrapper.framework; includeInIndex = 0; path = Pods_Zwiggy.framework; sourceTree = BUILT_PRODUCTS_DIR; };
/* End PBXFileReference section */

/* Begin PBXFrameworksBuildPhase section */
		A531AE8A2B615005006DABBE /* Frameworks */ = {
			isa = PBXFrameworksBuildPhase;
			buildActionMask = 2147483647;
			files = (
				C0073796836BDE7200D62BF9 /* Pods_Zwiggy.framework in Frameworks */,
			);
			runOnlyForDeploymentPostprocessing = 0;
		};
/* End PBXFrameworksBuildPhase section */

/* Begin PBXGroup section */
		8C8CDE7696FF78FB5063B5FC /* Pods */ = {
			isa = PBXGroup;
			children = (
				1B4429F5031E2B7F9D5AFC3E /* Pods-Zwiggy.debug.xcconfig */,
				A8DD29BF9A54C47AF09A7800 /* Pods-Zwiggy.release.xcconfig */,
			);
			name = Pods;
			path = Pods;
			sourceTree = "<group>";
		};
		A531AE842B615005006DABBE = {
			isa = PBXGroup;
			children = (
				A531AE8F2B615005006DABBE /* Zwiggy */,
				A531AE8E2B615005006DABBE /* Products */,
				8C8CDE7696FF78FB5063B5FC /* Pods */,
				D2F5F88CD313D40686C11959 /* Frameworks */,
			);
			sourceTree = "<group>";
		};
		A531AE8E2B615005006DABBE /* Products */ = {
			isa = PBXGroup;
			children = (
				A531AE8D2B615005006DABBE /* Zwiggy.app */,
			);
			name = Products;
			sourceTree = "<group>";
		};
		A531AE8F2B615005006DABBE /* Zwiggy */ = {
			isa = PBXGroup;
			children = (
				A5FFEE072B7256C300FF566C /* Navigation */,
				A531AF322B642F11006DABBE /* Mock */,
				A531AF352B64319D006DABBE /* Models */,
				A531AEB12B62DBB2006DABBE /* Utils */,
				A531AEA62B629A7C006DABBE /* Views */,
				A531AEA32B618854006DABBE /* ViewModifiers */,
				A531AEA02B6183AD006DABBE /* Screens */,
				A531AE902B615005006DABBE /* ZwiggyApp.swift */,
				A531AE922B615005006DABBE /* ContentView.swift */,
				A531AE962B615006006DABBE /* Assets.xcassets */,
				A531AEBE2B63E0FC006DABBE /* GoogleService-Info.plist */,
				A531AEF72B6404F1006DABBE /* AppDelegate.swift */,
				A531AE982B615006006DABBE /* Preview Content */,
			);
			path = Zwiggy;
			sourceTree = "<group>";
		};
		A531AE982B615006006DABBE /* Preview Content */ = {
			isa = PBXGroup;
			children = (
				A531AE992B615006006DABBE /* Preview Assets.xcassets */,
			);
			path = "Preview Content";
			sourceTree = "<group>";
		};
		A531AEA02B6183AD006DABBE /* Screens */ = {
			isa = PBXGroup;
			children = (
				A531AEA92B629AE9006DABBE /* Instamart */,
			);
			path = Screens;
			sourceTree = "<group>";
		};
		A531AEA32B618854006DABBE /* ViewModifiers */ = {
			isa = PBXGroup;
			children = (
				A531AEA42B61886A006DABBE /* SubtitleModifier.swift */,
				A531AEAD2B629E47006DABBE /* CardModifier.swift */,
			);
			path = ViewModifiers;
			sourceTree = "<group>";
		};
		A531AEA62B629A7C006DABBE /* Views */ = {
			isa = PBXGroup;
			children = (
				A531AF432B6824AA006DABBE /* CartBottomStickyView */,
				A531AEA72B629A94006DABBE /* Header.swift */,
				A531AEAF2B62D633006DABBE /* AdsCategoriesView.swift */,
				A531AEB62B63D5EC006DABBE /* QuickPickView.swift */,
				A531AEB82B63D617006DABBE /* ItemView.swift */,
				A531AF3D2B64C497006DABBE /* Category */,
				A5DB6EB42B6CD31400F1EFA6 /* NavHeaderView.swift */,
				A5DB6EB72B6CD53000F1EFA6 /* CartItemView.swift */,
				A5DB6EB92B6CD90A00F1EFA6 /* AddItemButtonView.swift */,
			);
			path = Views;
			sourceTree = "<group>";
		};
		A531AEA92B629AE9006DABBE /* Instamart */ = {
			isa = PBXGroup;
			children = (
				A5DB6EB62B6CD44000F1EFA6 /* Cart */,
				A531AF402B64DC43006DABBE /* CategoryDetailView */,
				A531AEA12B6183C1006DABBE /* InstamartView.swift */,
				A531AEAA2B629B0C006DABBE /* InstamartViewModel.swift */,
			);
			path = Instamart;
			sourceTree = "<group>";
		};
		A531AEB12B62DBB2006DABBE /* Utils */ = {
			isa = PBXGroup;
			children = (
				A531AF382B643656006DABBE /* Extensions */,
				A531AF392B643676006DABBE /* Zutil.swift */,
				A531AF462B6AA5DB006DABBE /* SafeAreaInsetValues.swift */,
				A541785B2B6BE96100DBFA78 /* Currency.swift */,
			);
			path = Utils;
			sourceTree = "<group>";
		};
		A531AF322B642F11006DABBE /* Mock */ = {
			isa = PBXGroup;
			children = (
				A531AF332B643163006DABBE /* items.json */,
				A531AF362B64350B006DABBE /* categories.json */,
			);
			path = Mock;
			sourceTree = "<group>";
		};
		A531AF352B64319D006DABBE /* Models */ = {
			isa = PBXGroup;
			children = (
				A531AF302B641035006DABBE /* Item.swift */,
				A531AF3B2B64384C006DABBE /* CategoryItem.swift */,
				A54178572B6AC04900DBFA78 /* SelectedItem.swift */,
			);
			path = Models;
			sourceTree = "<group>";
		};
		A531AF382B643656006DABBE /* Extensions */ = {
			isa = PBXGroup;
			children = (
				A531AEB22B62DBC0006DABBE /* View+Extension.swift */,
				A531AEB42B63C0FE006DABBE /* Color+Extension.swift */,
				A531AF3E2B64C9E0006DABBE /* Optional+Extension.swift */,
				A54178592B6BE90100DBFA78 /* Numeric.swift */,
			);
			path = Extensions;
			sourceTree = "<group>";
		};
		A531AF3D2B64C497006DABBE /* Category */ = {
			isa = PBXGroup;
			children = (
				A531AEBC2B63DC71006DABBE /* CategoriesView.swift */,
				A531AEBA2B63D717006DABBE /* CategoryViewItem.swift */,
			);
			path = Category;
			sourceTree = "<group>";
		};
		A531AF402B64DC43006DABBE /* CategoryDetailView */ = {
			isa = PBXGroup;
			children = (
				A531AF412B64DC71006DABBE /* CategoryDetailView.swift */,
			);
			path = CategoryDetailView;
			sourceTree = "<group>";
		};
		A531AF432B6824AA006DABBE /* CartBottomStickyView */ = {
			isa = PBXGroup;
			children = (
				A531AF442B6824D9006DABBE /* CartBottomStickyView.swift */,
			);
			path = CartBottomStickyView;
			sourceTree = "<group>";
		};
		A5DB6EB62B6CD44000F1EFA6 /* Cart */ = {
			isa = PBXGroup;
			children = (
				A541785D2B6BEAC600DBFA78 /* CartView.swift */,
			);
			path = Cart;
			sourceTree = "<group>";
		};
		A5FFEE072B7256C300FF566C /* Navigation */ = {
			isa = PBXGroup;
			children = (
				A5FFEE082B7256E000FF566C /* Screen.swift */,
			);
			path = Navigation;
			sourceTree = "<group>";
		};
		D2F5F88CD313D40686C11959 /* Frameworks */ = {
			isa = PBXGroup;
			children = (
				BF2A3C6088385A28854B85A1 /* Pods_Zwiggy.framework */,
			);
			name = Frameworks;
			sourceTree = "<group>";
		};
/* End PBXGroup section */

/* Begin PBXNativeTarget section */
		A531AE8C2B615005006DABBE /* Zwiggy */ = {
			isa = PBXNativeTarget;
			buildConfigurationList = A531AE9D2B615006006DABBE /* Build configuration list for PBXNativeTarget "Zwiggy" */;
			buildPhases = (
				8DD25AFE2B26C831083BE499 /* [CP] Check Pods Manifest.lock */,
				A531AE892B615005006DABBE /* Sources */,
				A531AE8A2B615005006DABBE /* Frameworks */,
				A531AE8B2B615005006DABBE /* Resources */,
			);
			buildRules = (
			);
			dependencies = (
			);
			name = Zwiggy;
			productName = Zwiggy;
			productReference = A531AE8D2B615005006DABBE /* Zwiggy.app */;
			productType = "com.apple.product-type.application";
		};
/* End PBXNativeTarget section */

/* Begin PBXProject section */
		A531AE852B615005006DABBE /* Project object */ = {
			isa = PBXProject;
			attributes = {
				BuildIndependentTargetsInParallel = 1;
				LastSwiftUpdateCheck = 1500;
				LastUpgradeCheck = 1500;
				TargetAttributes = {
					A531AE8C2B615005006DABBE = {
						CreatedOnToolsVersion = 15.0.1;
					};
				};
			};
			buildConfigurationList = A531AE882B615005006DABBE /* Build configuration list for PBXProject "Zwiggy" */;
			compatibilityVersion = "Xcode 14.0";
			developmentRegion = en;
			hasScannedForEncodings = 0;
			knownRegions = (
				en,
				Base,
			);
			mainGroup = A531AE842B615005006DABBE;
			productRefGroup = A531AE8E2B615005006DABBE /* Products */;
			projectDirPath = "";
			projectRoot = "";
			targets = (
				A531AE8C2B615005006DABBE /* Zwiggy */,
			);
		};
/* End PBXProject section */

/* Begin PBXResourcesBuildPhase section */
		A531AE8B2B615005006DABBE /* Resources */ = {
			isa = PBXResourcesBuildPhase;
			buildActionMask = 2147483647;
			files = (
				A531AF342B643163006DABBE /* items.json in Resources */,
				A531AE9A2B615006006DABBE /* Preview Assets.xcassets in Resources */,
				A531AE972B615006006DABBE /* Assets.xcassets in Resources */,
				A531AF372B64350B006DABBE /* categories.json in Resources */,
				A531AEBF2B63E0FC006DABBE /* GoogleService-Info.plist in Resources */,
			);
			runOnlyForDeploymentPostprocessing = 0;
		};
/* End PBXResourcesBuildPhase section */

/* Begin PBXShellScriptBuildPhase section */
		8DD25AFE2B26C831083BE499 /* [CP] Check Pods Manifest.lock */ = {
			isa = PBXShellScriptBuildPhase;
			buildActionMask = 2147483647;
			files = (
			);
			inputFileListPaths = (
			);
			inputPaths = (
				"${PODS_PODFILE_DIR_PATH}/Podfile.lock",
				"${PODS_ROOT}/Manifest.lock",
			);
			name = "[CP] Check Pods Manifest.lock";
			outputFileListPaths = (
			);
			outputPaths = (
				"$(DERIVED_FILE_DIR)/Pods-Zwiggy-checkManifestLockResult.txt",
			);
			runOnlyForDeploymentPostprocessing = 0;
			shellPath = /bin/sh;
			shellScript = "diff \"${PODS_PODFILE_DIR_PATH}/Podfile.lock\" \"${PODS_ROOT}/Manifest.lock\" > /dev/null\nif [ $? != 0 ] ; then\n    # print error to STDERR\n    echo \"error: The sandbox is not in sync with the Podfile.lock. Run 'pod install' or update your CocoaPods installation.\" >&2\n    exit 1\nfi\n# This output is used by Xcode 'outputs' to avoid re-running this script phase.\necho \"SUCCESS\" > \"${SCRIPT_OUTPUT_FILE_0}\"\n";
			showEnvVarsInLog = 0;
		};
/* End PBXShellScriptBuildPhase section */

/* Begin PBXSourcesBuildPhase section */
		A531AE892B615005006DABBE /* Sources */ = {
			isa = PBXSourcesBuildPhase;
			buildActionMask = 2147483647;
			files = (
				A531AEA82B629A94006DABBE /* Header.swift in Sources */,
				A531AEB52B63C0FE006DABBE /* Color+Extension.swift in Sources */,
				A541785E2B6BEAC600DBFA78 /* CartView.swift in Sources */,
				A531AF3F2B64C9E0006DABBE /* Optional+Extension.swift in Sources */,
				A531AEA52B61886A006DABBE /* SubtitleModifier.swift in Sources */,
				A5FFEE092B7256E000FF566C /* Screen.swift in Sources */,
				A531AEF82B6404F1006DABBE /* AppDelegate.swift in Sources */,
				A5DB6EB82B6CD53000F1EFA6 /* CartItemView.swift in Sources */,
				A5DB6EBA2B6CD90A00F1EFA6 /* AddItemButtonView.swift in Sources */,
				A531AF452B6824D9006DABBE /* CartBottomStickyView.swift in Sources */,
				A541785C2B6BE96100DBFA78 /* Currency.swift in Sources */,
				A531AF3C2B64384C006DABBE /* CategoryItem.swift in Sources */,
				A531AF312B641035006DABBE /* Item.swift in Sources */,
				A531AEBB2B63D717006DABBE /* CategoryViewItem.swift in Sources */,
				A531AEAE2B629E47006DABBE /* CardModifier.swift in Sources */,
				A531AEB02B62D633006DABBE /* AdsCategoriesView.swift in Sources */,
				A531AEAB2B629B0C006DABBE /* InstamartViewModel.swift in Sources */,
				A531AE932B615005006DABBE /* ContentView.swift in Sources */,
				A531AEBD2B63DC71006DABBE /* CategoriesView.swift in Sources */,
				A531AEB92B63D617006DABBE /* ItemView.swift in Sources */,
				A531AEA22B6183C1006DABBE /* InstamartView.swift in Sources */,
				A531AF422B64DC71006DABBE /* CategoryDetailView.swift in Sources */,
				A5DB6EB52B6CD31400F1EFA6 /* NavHeaderView.swift in Sources */,
				A531AEB32B62DBC0006DABBE /* View+Extension.swift in Sources */,
				A54178582B6AC04900DBFA78 /* SelectedItem.swift in Sources */,
				A541785A2B6BE90100DBFA78 /* Numeric.swift in Sources */,
				A531AE912B615005006DABBE /* ZwiggyApp.swift in Sources */,
				A531AF472B6AA5DB006DABBE /* SafeAreaInsetValues.swift in Sources */,
				A531AF3A2B643676006DABBE /* Zutil.swift in Sources */,
				A531AEB72B63D5EC006DABBE /* QuickPickView.swift in Sources */,
			);
			runOnlyForDeploymentPostprocessing = 0;
		};
/* End PBXSourcesBuildPhase section */

/* Begin XCBuildConfiguration section */
		A531AE9B2B615006006DABBE /* Debug */ = {
			isa = XCBuildConfiguration;
			buildSettings = {
				ALWAYS_SEARCH_USER_PATHS = NO;
				ASSETCATALOG_COMPILER_GENERATE_SWIFT_ASSET_SYMBOL_EXTENSIONS = YES;
				CLANG_ANALYZER_NONNULL = YES;
				CLANG_ANALYZER_NUMBER_OBJECT_CONVERSION = YES_AGGRESSIVE;
				CLANG_CXX_LANGUAGE_STANDARD = "gnu++20";
				CLANG_ENABLE_MODULES = YES;
				CLANG_ENABLE_OBJC_ARC = YES;
				CLANG_ENABLE_OBJC_WEAK = YES;
				CLANG_WARN_BLOCK_CAPTURE_AUTORELEASING = YES;
				CLANG_WARN_BOOL_CONVERSION = YES;
				CLANG_WARN_COMMA = YES;
				CLANG_WARN_CONSTANT_CONVERSION = YES;
				CLANG_WARN_DEPRECATED_OBJC_IMPLEMENTATIONS = YES;
				CLANG_WARN_DIRECT_OBJC_ISA_USAGE = YES_ERROR;
				CLANG_WARN_DOCUMENTATION_COMMENTS = YES;
				CLANG_WARN_EMPTY_BODY = YES;
				CLANG_WARN_ENUM_CONVERSION = YES;
				CLANG_WARN_INFINITE_RECURSION = YES;
				CLANG_WARN_INT_CONVERSION = YES;
				CLANG_WARN_NON_LITERAL_NULL_CONVERSION = YES;
				CLANG_WARN_OBJC_IMPLICIT_RETAIN_SELF = YES;
				CLANG_WARN_OBJC_LITERAL_CONVERSION = YES;
				CLANG_WARN_OBJC_ROOT_CLASS = YES_ERROR;
				CLANG_WARN_QUOTED_INCLUDE_IN_FRAMEWORK_HEADER = YES;
				CLANG_WARN_RANGE_LOOP_ANALYSIS = YES;
				CLANG_WARN_STRICT_PROTOTYPES = YES;
				CLANG_WARN_SUSPICIOUS_MOVE = YES;
				CLANG_WARN_UNGUARDED_AVAILABILITY = YES_AGGRESSIVE;
				CLANG_WARN_UNREACHABLE_CODE = YES;
				CLANG_WARN__DUPLICATE_METHOD_MATCH = YES;
				COPY_PHASE_STRIP = NO;
				DEBUG_INFORMATION_FORMAT = dwarf;
				ENABLE_STRICT_OBJC_MSGSEND = YES;
				ENABLE_TESTABILITY = YES;
				ENABLE_USER_SCRIPT_SANDBOXING = YES;
				GCC_C_LANGUAGE_STANDARD = gnu17;
				GCC_DYNAMIC_NO_PIC = NO;
				GCC_NO_COMMON_BLOCKS = YES;
				GCC_OPTIMIZATION_LEVEL = 0;
				GCC_PREPROCESSOR_DEFINITIONS = (
					"DEBUG=1",
					"$(inherited)",
				);
				GCC_WARN_64_TO_32_BIT_CONVERSION = YES;
				GCC_WARN_ABOUT_RETURN_TYPE = YES_ERROR;
				GCC_WARN_UNDECLARED_SELECTOR = YES;
				GCC_WARN_UNINITIALIZED_AUTOS = YES_AGGRESSIVE;
				GCC_WARN_UNUSED_FUNCTION = YES;
				GCC_WARN_UNUSED_VARIABLE = YES;
				IPHONEOS_DEPLOYMENT_TARGET = 17.0;
				LOCALIZATION_PREFERS_STRING_CATALOGS = YES;
				MTL_ENABLE_DEBUG_INFO = INCLUDE_SOURCE;
				MTL_FAST_MATH = YES;
				ONLY_ACTIVE_ARCH = YES;
				SDKROOT = iphoneos;
				SWIFT_ACTIVE_COMPILATION_CONDITIONS = "DEBUG $(inherited)";
				SWIFT_OPTIMIZATION_LEVEL = "-Onone";
			};
			name = Debug;
		};
		A531AE9C2B615006006DABBE /* Release */ = {
			isa = XCBuildConfiguration;
			buildSettings = {
				ALWAYS_SEARCH_USER_PATHS = NO;
				ASSETCATALOG_COMPILER_GENERATE_SWIFT_ASSET_SYMBOL_EXTENSIONS = YES;
				CLANG_ANALYZER_NONNULL = YES;
				CLANG_ANALYZER_NUMBER_OBJECT_CONVERSION = YES_AGGRESSIVE;
				CLANG_CXX_LANGUAGE_STANDARD = "gnu++20";
				CLANG_ENABLE_MODULES = YES;
				CLANG_ENABLE_OBJC_ARC = YES;
				CLANG_ENABLE_OBJC_WEAK = YES;
				CLANG_WARN_BLOCK_CAPTURE_AUTORELEASING = YES;
				CLANG_WARN_BOOL_CONVERSION = YES;
				CLANG_WARN_COMMA = YES;
				CLANG_WARN_CONSTANT_CONVERSION = YES;
				CLANG_WARN_DEPRECATED_OBJC_IMPLEMENTATIONS = YES;
				CLANG_WARN_DIRECT_OBJC_ISA_USAGE = YES_ERROR;
				CLANG_WARN_DOCUMENTATION_COMMENTS = YES;
				CLANG_WARN_EMPTY_BODY = YES;
				CLANG_WARN_ENUM_CONVERSION = YES;
				CLANG_WARN_INFINITE_RECURSION = YES;
				CLANG_WARN_INT_CONVERSION = YES;
				CLANG_WARN_NON_LITERAL_NULL_CONVERSION = YES;
				CLANG_WARN_OBJC_IMPLICIT_RETAIN_SELF = YES;
				CLANG_WARN_OBJC_LITERAL_CONVERSION = YES;
				CLANG_WARN_OBJC_ROOT_CLASS = YES_ERROR;
				CLANG_WARN_QUOTED_INCLUDE_IN_FRAMEWORK_HEADER = YES;
				CLANG_WARN_RANGE_LOOP_ANALYSIS = YES;
				CLANG_WARN_STRICT_PROTOTYPES = YES;
				CLANG_WARN_SUSPICIOUS_MOVE = YES;
				CLANG_WARN_UNGUARDED_AVAILABILITY = YES_AGGRESSIVE;
				CLANG_WARN_UNREACHABLE_CODE = YES;
				CLANG_WARN__DUPLICATE_METHOD_MATCH = YES;
				COPY_PHASE_STRIP = NO;
				DEBUG_INFORMATION_FORMAT = "dwarf-with-dsym";
				ENABLE_NS_ASSERTIONS = NO;
				ENABLE_STRICT_OBJC_MSGSEND = YES;
				ENABLE_USER_SCRIPT_SANDBOXING = YES;
				GCC_C_LANGUAGE_STANDARD = gnu17;
				GCC_NO_COMMON_BLOCKS = YES;
				GCC_WARN_64_TO_32_BIT_CONVERSION = YES;
				GCC_WARN_ABOUT_RETURN_TYPE = YES_ERROR;
				GCC_WARN_UNDECLARED_SELECTOR = YES;
				GCC_WARN_UNINITIALIZED_AUTOS = YES_AGGRESSIVE;
				GCC_WARN_UNUSED_FUNCTION = YES;
				GCC_WARN_UNUSED_VARIABLE = YES;
				IPHONEOS_DEPLOYMENT_TARGET = 17.0;
				LOCALIZATION_PREFERS_STRING_CATALOGS = YES;
				MTL_ENABLE_DEBUG_INFO = NO;
				MTL_FAST_MATH = YES;
				SDKROOT = iphoneos;
				SWIFT_COMPILATION_MODE = wholemodule;
				VALIDATE_PRODUCT = YES;
			};
			name = Release;
		};
		A531AE9E2B615006006DABBE /* Debug */ = {
			isa = XCBuildConfiguration;
			baseConfigurationReference = 1B4429F5031E2B7F9D5AFC3E /* Pods-Zwiggy.debug.xcconfig */;
			buildSettings = {
				ASSETCATALOG_COMPILER_APPICON_NAME = AppIcon;
				ASSETCATALOG_COMPILER_GLOBAL_ACCENT_COLOR_NAME = AccentColor;
				CODE_SIGN_STYLE = Automatic;
				CURRENT_PROJECT_VERSION = 1;
				DEVELOPMENT_ASSET_PATHS = "\"Zwiggy/Preview Content\"";
				ENABLE_PREVIEWS = YES;
				GENERATE_INFOPLIST_FILE = YES;
				INFOPLIST_KEY_UIApplicationSceneManifest_Generation = YES;
				INFOPLIST_KEY_UIApplicationSupportsIndirectInputEvents = YES;
				INFOPLIST_KEY_UILaunchScreen_Generation = YES;
				INFOPLIST_KEY_UISupportedInterfaceOrientations_iPad = "UIInterfaceOrientationPortrait UIInterfaceOrientationPortraitUpsideDown UIInterfaceOrientationLandscapeLeft UIInterfaceOrientationLandscapeRight";
				INFOPLIST_KEY_UISupportedInterfaceOrientations_iPhone = "UIInterfaceOrientationPortrait UIInterfaceOrientationLandscapeLeft UIInterfaceOrientationLandscapeRight";
				LD_RUNPATH_SEARCH_PATHS = (
					"$(inherited)",
					"@executable_path/Frameworks",
				);
				MARKETING_VERSION = 1.0;
				PRODUCT_BUNDLE_IDENTIFIER = com.ajaya.Zwiggy;
				PRODUCT_NAME = "$(TARGET_NAME)";
				SWIFT_EMIT_LOC_STRINGS = YES;
				SWIFT_VERSION = 5.0;
				TARGETED_DEVICE_FAMILY = "1,2";
			};
			name = Debug;
		};
		A531AE9F2B615006006DABBE /* Release */ = {
			isa = XCBuildConfiguration;
			baseConfigurationReference = A8DD29BF9A54C47AF09A7800 /* Pods-Zwiggy.release.xcconfig */;
			buildSettings = {
				ASSETCATALOG_COMPILER_APPICON_NAME = AppIcon;
				ASSETCATALOG_COMPILER_GLOBAL_ACCENT_COLOR_NAME = AccentColor;
				CODE_SIGN_STYLE = Automatic;
				CURRENT_PROJECT_VERSION = 1;
				DEVELOPMENT_ASSET_PATHS = "\"Zwiggy/Preview Content\"";
				ENABLE_PREVIEWS = YES;
				GENERATE_INFOPLIST_FILE = YES;
				INFOPLIST_KEY_UIApplicationSceneManifest_Generation = YES;
				INFOPLIST_KEY_UIApplicationSupportsIndirectInputEvents = YES;
				INFOPLIST_KEY_UILaunchScreen_Generation = YES;
				INFOPLIST_KEY_UISupportedInterfaceOrientations_iPad = "UIInterfaceOrientationPortrait UIInterfaceOrientationPortraitUpsideDown UIInterfaceOrientationLandscapeLeft UIInterfaceOrientationLandscapeRight";
				INFOPLIST_KEY_UISupportedInterfaceOrientations_iPhone = "UIInterfaceOrientationPortrait UIInterfaceOrientationLandscapeLeft UIInterfaceOrientationLandscapeRight";
				LD_RUNPATH_SEARCH_PATHS = (
					"$(inherited)",
					"@executable_path/Frameworks",
				);
				MARKETING_VERSION = 1.0;
				PRODUCT_BUNDLE_IDENTIFIER = com.ajaya.Zwiggy;
				PRODUCT_NAME = "$(TARGET_NAME)";
				SWIFT_EMIT_LOC_STRINGS = YES;
				SWIFT_VERSION = 5.0;
				TARGETED_DEVICE_FAMILY = "1,2";
			};
			name = Release;
		};
/* End XCBuildConfiguration section */

/* Begin XCConfigurationList section */
		A531AE882B615005006DABBE /* Build configuration list for PBXProject "Zwiggy" */ = {
			isa = XCConfigurationList;
			buildConfigurations = (
				A531AE9B2B615006006DABBE /* Debug */,
				A531AE9C2B615006006DABBE /* Release */,
			);
			defaultConfigurationIsVisible = 0;
			defaultConfigurationName = Release;
		};
		A531AE9D2B615006006DABBE /* Build configuration list for PBXNativeTarget "Zwiggy" */ = {
			isa = XCConfigurationList;
			buildConfigurations = (
				A531AE9E2B615006006DABBE /* Debug */,
				A531AE9F2B615006006DABBE /* Release */,
			);
			defaultConfigurationIsVisible = 0;
			defaultConfigurationName = Release;
		};
/* End XCConfigurationList section */
	};
	rootObject = A531AE852B615005006DABBE /* Project object */;
}
